
Microsoft Visual Studio Solution File, Format Version 12.00
# Visual Studio Version 17
VisualStudioVersion = 17.9.34714.143
MinimumVisualStudioVersion = 10.0.40219.1
Project("{FAE04EC0-301F-11D3-BF4B-00C04F79EFBC}") = "CRUD-Lighthouse", "CRUD-Lighthouse\CRUD-Lighthouse.csproj", "{4CD20108-CD0D-4026-8093-3EF2BDC5BEE8}"
EndProject
Global
	GlobalSection(SolutionConfigurationPlatforms) = preSolution
		Debug|Any CPU = Debug|Any CPU
		Release|Any CPU = Release|Any CPU
	EndGlobalSection
	GlobalSection(ProjectConfigurationPlatforms) = postSolution
		{4CD20108-CD0D-4026-8093-3EF2BDC5BEE8}.Debug|Any CPU.ActiveCfg = Debug|Any CPU
		{4CD20108-CD0D-4026-8093-3EF2BDC5BEE8}.Debug|Any CPU.Build.0 = Debug|Any CPU
		{4CD20108-CD0D-4026-8093-3EF2BDC5BEE8}.Release|Any CPU.ActiveCfg = Release|Any CPU
		{4CD20108-CD0D-4026-8093-3EF2BDC5BEE8}.Release|Any CPU.Build.0 = Release|Any CPU
	EndGlobalSection
	GlobalSection(SolutionProperties) = preSolution
		HideSolutionNode = FALSE
	EndGlobalSection
	GlobalSection(ExtensibilityGlobals) = postSolution
		SolutionGuid = {D20779B6-6F74-4020-9FA2-9130E0DFAF59}
	EndGlobalSection
EndGlobal
